// !$*UTF8*$!
{
	archiveVersion = 1;
	classes = {
	};
	objectVersion = 46;
	objects = {

/* Begin PBXBuildFile section */
		370AFC301B681BC4003B190C /* GElayer.m in Sources */ = {isa = PBXBuildFile; fileRef = 370AFC2F1B681BC4003B190C /* GElayer.m */; };
		370AFC331B6836E8003B190C /* GEupdatecaller.m in Sources */ = {isa = PBXBuildFile; fileRef = 370AFC321B6836E8003B190C /* GEupdatecaller.m */; };
		370AFC371B686182003B190C /* GEfbo.m in Sources */ = {isa = PBXBuildFile; fileRef = 370AFC361B686182003B190C /* GEfbo.m */; };
		372119B11B63E80D00F1C1B1 /* GEjoint.m in Sources */ = {isa = PBXBuildFile; fileRef = 372119B01B63E80D00F1C1B1 /* GEjoint.m */; };
		372119B31B63E81800F1C1B1 /* GEbound.m in Sources */ = {isa = PBXBuildFile; fileRef = 372119B21B63E81800F1C1B1 /* GEbound.m */; };
		372119B51B63E82A00F1C1B1 /* GEframe.m in Sources */ = {isa = PBXBuildFile; fileRef = 372119B41B63E82A00F1C1B1 /* GEframe.m */; };
		372119B71B63E83800F1C1B1 /* GEweight.m in Sources */ = {isa = PBXBuildFile; fileRef = 372119B61B63E83800F1C1B1 /* GEweight.m */; };
		372119BD1B63E86800F1C1B1 /* GEvertex.m in Sources */ = {isa = PBXBuildFile; fileRef = 372119BC1B63E86800F1C1B1 /* GEvertex.m */; };
		372119C51B644EC400F1C1B1 /* GEtriangle.m in Sources */ = {isa = PBXBuildFile; fileRef = 372119C41B644EC400F1C1B1 /* GEtriangle.m */; };
		375F0A101B4D9B5500F894C3 /* main.m in Sources */ = {isa = PBXBuildFile; fileRef = 375F0A0F1B4D9B5500F894C3 /* main.m */; };
		375F0A131B4D9B5500F894C3 /* AppDelegate.m in Sources */ = {isa = PBXBuildFile; fileRef = 375F0A121B4D9B5500F894C3 /* AppDelegate.m */; };
		375F0A1A1B4D9B5500F894C3 /* GameViewController.m in Sources */ = {isa = PBXBuildFile; fileRef = 375F0A191B4D9B5500F894C3 /* GameViewController.m */; };
		375F0A1D1B4D9B5500F894C3 /* Main.storyboard in Resources */ = {isa = PBXBuildFile; fileRef = 375F0A1B1B4D9B5500F894C3 /* Main.storyboard */; };
		375F0A2E1B4D9B5500F894C3 /* PlanetthingTests.m in Sources */ = {isa = PBXBuildFile; fileRef = 375F0A2D1B4D9B5500F894C3 /* PlanetthingTests.m */; };
		375F0A381B4D9BC500F894C3 /* Images.xcassets in Resources */ = {isa = PBXBuildFile; fileRef = 375F0A371B4D9BC500F894C3 /* Images.xcassets */; };
		375F0A3A1B4D9FF500F894C3 /* GameKit.framework in Frameworks */ = {isa = PBXBuildFile; fileRef = 375F0A391B4D9FF500F894C3 /* GameKit.framework */; };
		375F0A3C1B4D9FFB00F894C3 /* StoreKit.framework in Frameworks */ = {isa = PBXBuildFile; fileRef = 375F0A3B1B4D9FFB00F894C3 /* StoreKit.framework */; };
		375F0A441B4DA0EC00F894C3 /* IHgamecenter.m in Sources */ = {isa = PBXBuildFile; fileRef = 375F0A431B4DA0EC00F894C3 /* IHgamecenter.m */; };
		375F0A491B4DE95100F894C3 /* Reachability.m in Sources */ = {isa = PBXBuildFile; fileRef = 375F0A481B4DE95100F894C3 /* Reachability.m */; };
		37635E871B6AAC73003F2B28 /* libfreetype.a in Frameworks */ = {isa = PBXBuildFile; fileRef = 37635E861B6AAC73003F2B28 /* libfreetype.a */; };
		37635E8C1B6ADE4D003F2B28 /* arial.ttf in Resources */ = {isa = PBXBuildFile; fileRef = 37635E8B1B6ADD54003F2B28 /* arial.ttf */; };
		376C221E1B54566E00DC3874 /* MediaPlayer.framework in Frameworks */ = {isa = PBXBuildFile; fileRef = 376C221D1B54566E00DC3874 /* MediaPlayer.framework */; };
		37745A4B1B69962F002DFF83 /* blinn_phong.fsh in Resources */ = {isa = PBXBuildFile; fileRef = 37745A491B69962F002DFF83 /* blinn_phong.fsh */; };
		37745A4C1B69962F002DFF83 /* blinn_phong.vsh in Resources */ = {isa = PBXBuildFile; fileRef = 37745A4A1B69962F002DFF83 /* blinn_phong.vsh */; };
		3793C7E21B5D9E8C00741F37 /* GEtexture.m in Sources */ = {isa = PBXBuildFile; fileRef = 3793C7E11B5D9E8C00741F37 /* GEtexture.m */; };
		37976DEB1B614C900008AA72 /* GEshader.m in Sources */ = {isa = PBXBuildFile; fileRef = 37976DEA1B614C900008AA72 /* GEshader.m */; };
		37976DF01B617C820008AA72 /* GEanimatedmodel.m in Sources */ = {isa = PBXBuildFile; fileRef = 37976DEF1B617C820008AA72 /* GEanimatedmodel.m */; };
		37976DF81B618EDE0008AA72 /* hotwasser_512_512.png in Resources */ = {isa = PBXBuildFile; fileRef = 37976DF71B618EDE0008AA72 /* hotwasser_512_512.png */; };
		37976DFB1B61FAF50008AA72 /* GEmaterial.m in Sources */ = {isa = PBXBuildFile; fileRef = 37976DFA1B61FAF50008AA72 /* GEmaterial.m */; };
		37976DFF1B61FBB90008AA72 /* GEmesh.m in Sources */ = {isa = PBXBuildFile; fileRef = 37976DFE1B61FBB90008AA72 /* GEmesh.m */; };
		37A064DF1B582A880002F5F1 /* GMmain.m in Sources */ = {isa = PBXBuildFile; fileRef = 37A064DE1B582A880002F5F1 /* GMmain.m */; };
		37A064E21B582D150002F5F1 /* NSDataAES256.m in Sources */ = {isa = PBXBuildFile; fileRef = 37A064E11B582D150002F5F1 /* NSDataAES256.m */; };
		37A064E91B584C150002F5F1 /* GEview.m in Sources */ = {isa = PBXBuildFile; fileRef = 37A064E81B584C150002F5F1 /* GEview.m */; };
		37A064EC1B5857EB0002F5F1 /* GEcontext.m in Sources */ = {isa = PBXBuildFile; fileRef = 37A064EB1B5857EB0002F5F1 /* GEcontext.m */; };
		37A5685F1B63217C006527F4 /* GEanimation.m in Sources */ = {isa = PBXBuildFile; fileRef = 37A5685E1B63217C006527F4 /* GEanimation.m */; };
		37ADFA601B60C94D002EE66B /* fullscreen_shader.fsh in Resources */ = {isa = PBXBuildFile; fileRef = 37ADFA5E1B60C94D002EE66B /* fullscreen_shader.fsh */; };
		37ADFA611B60C94D002EE66B /* fullscreen_shader.vsh in Resources */ = {isa = PBXBuildFile; fileRef = 37ADFA5F1B60C94D002EE66B /* fullscreen_shader.vsh */; };
		37ADFA641B60C95D002EE66B /* GEfullscreenshader.m in Sources */ = {isa = PBXBuildFile; fileRef = 37ADFA631B60C95D002EE66B /* GEfullscreenshader.m */; };
		37ADFA671B60CCB8002EE66B /* GEfullscreen.m in Sources */ = {isa = PBXBuildFile; fileRef = 37ADFA661B60CCB8002EE66B /* GEfullscreen.m */; };
		37C16B951B67316200C2BD2F /* color_shader.fsh in Resources */ = {isa = PBXBuildFile; fileRef = 37C16B931B67316200C2BD2F /* color_shader.fsh */; };
		37C16B961B67316200C2BD2F /* color_shader.vsh in Resources */ = {isa = PBXBuildFile; fileRef = 37C16B941B67316200C2BD2F /* color_shader.vsh */; };
		37C16B991B67339600C2BD2F /* GEcolorshader.m in Sources */ = {isa = PBXBuildFile; fileRef = 37C16B981B67339600C2BD2F /* GEcolorshader.m */; };
		37C16B9D1B67419E00C2BD2F /* GEboundingbox.m in Sources */ = {isa = PBXBuildFile; fileRef = 37C16B9C1B67419E00C2BD2F /* GEboundingbox.m */; };
		37F4CD921B5EF42F009269BE /* texture_shader.fsh in Resources */ = {isa = PBXBuildFile; fileRef = 37F4CD901B5EF42F009269BE /* texture_shader.fsh */; };
		37F4CD931B5EF42F009269BE /* texture_shader.vsh in Resources */ = {isa = PBXBuildFile; fileRef = 37F4CD911B5EF42F009269BE /* texture_shader.vsh */; };
		37F4CD961B5F007D009269BE /* GEtextureshader.m in Sources */ = {isa = PBXBuildFile; fileRef = 37F4CD951B5F007D009269BE /* GEtextureshader.m */; };
		37F94A691B62CA310065D8D6 /* Bob Lamp in Resources */ = {isa = PBXBuildFile; fileRef = 37F94A681B62CA310065D8D6 /* Bob Lamp */; };
/* End PBXBuildFile section */

/* Begin PBXContainerItemProxy section */
		375F0A281B4D9B5500F894C3 /* PBXContainerItemProxy */ = {
			isa = PBXContainerItemProxy;
			containerPortal = 375F0A021B4D9B5500F894C3 /* Project object */;
			proxyType = 1;
			remoteGlobalIDString = 375F0A091B4D9B5500F894C3;
			remoteInfo = Planetthing;
		};
/* End PBXContainerItemProxy section */

/* Begin PBXFileReference section */
		370AFC2E1B681BC4003B190C /* GElayer.h */ = {isa = PBXFileReference; fileEncoding = 4; lastKnownFileType = sourcecode.c.h; name = GElayer.h; path = Planetthing/GElayer.h; sourceTree = "<group>"; };
		370AFC2F1B681BC4003B190C /* GElayer.m */ = {isa = PBXFileReference; fileEncoding = 4; lastKnownFileType = sourcecode.c.objc; name = GElayer.m; path = Planetthing/GElayer.m; sourceTree = "<group>"; };
		370AFC311B6836CC003B190C /* GEupdatecaller.h */ = {isa = PBXFileReference; lastKnownFileType = sourcecode.c.h; name = GEupdatecaller.h; path = Planetthing/GEupdatecaller.h; sourceTree = "<group>"; };
		370AFC321B6836E8003B190C /* GEupdatecaller.m */ = {isa = PBXFileReference; fileEncoding = 4; lastKnownFileType = sourcecode.c.objc; name = GEupdatecaller.m; path = Planetthing/GEupdatecaller.m; sourceTree = "<group>"; };
		370AFC341B68616C003B190C /* GEfbo.h */ = {isa = PBXFileReference; lastKnownFileType = sourcecode.c.h; name = GEfbo.h; path = Planetthing/GEfbo.h; sourceTree = "<group>"; };
		370AFC361B686182003B190C /* GEfbo.m */ = {isa = PBXFileReference; fileEncoding = 4; lastKnownFileType = sourcecode.c.objc; name = GEfbo.m; path = Planetthing/GEfbo.m; sourceTree = "<group>"; };
		372119A61B63E75400F1C1B1 /* GEjoint.h */ = {isa = PBXFileReference; lastKnownFileType = sourcecode.c.h; name = GEjoint.h; path = Planetthing/GEjoint.h; sourceTree = "<group>"; };
		372119AB1B63E79900F1C1B1 /* GEvertex.h */ = {isa = PBXFileReference; lastKnownFileType = sourcecode.c.h; name = GEvertex.h; path = Planetthing/GEvertex.h; sourceTree = "<group>"; };
		372119AC1B63E7A300F1C1B1 /* GEtriangle.h */ = {isa = PBXFileReference; lastKnownFileType = sourcecode.c.h; name = GEtriangle.h; path = Planetthing/GEtriangle.h; sourceTree = "<group>"; };
		372119AD1B63E7B900F1C1B1 /* GEframe.h */ = {isa = PBXFileReference; lastKnownFileType = sourcecode.c.h; name = GEframe.h; path = Planetthing/GEframe.h; sourceTree = "<group>"; };
		372119AE1B63E7C200F1C1B1 /* GEbound.h */ = {isa = PBXFileReference; lastKnownFileType = sourcecode.c.h; name = GEbound.h; path = Planetthing/GEbound.h; sourceTree = "<group>"; };
		372119AF1B63E7D600F1C1B1 /* GEweight.h */ = {isa = PBXFileReference; lastKnownFileType = sourcecode.c.h; name = GEweight.h; path = Planetthing/GEweight.h; sourceTree = "<group>"; };
		372119B01B63E80D00F1C1B1 /* GEjoint.m */ = {isa = PBXFileReference; fileEncoding = 4; lastKnownFileType = sourcecode.c.objc; name = GEjoint.m; path = Planetthing/GEjoint.m; sourceTree = "<group>"; };
		372119B21B63E81800F1C1B1 /* GEbound.m */ = {isa = PBXFileReference; fileEncoding = 4; lastKnownFileType = sourcecode.c.objc; name = GEbound.m; path = Planetthing/GEbound.m; sourceTree = "<group>"; };
		372119B41B63E82A00F1C1B1 /* GEframe.m */ = {isa = PBXFileReference; fileEncoding = 4; lastKnownFileType = sourcecode.c.objc; lineEnding = 0; name = GEframe.m; path = Planetthing/GEframe.m; sourceTree = "<group>"; xcLanguageSpecificationIdentifier = xcode.lang.objc; };
		372119B61B63E83800F1C1B1 /* GEweight.m */ = {isa = PBXFileReference; fileEncoding = 4; lastKnownFileType = sourcecode.c.objc; name = GEweight.m; path = Planetthing/GEweight.m; sourceTree = "<group>"; };
		372119BC1B63E86800F1C1B1 /* GEvertex.m */ = {isa = PBXFileReference; fileEncoding = 4; lastKnownFileType = sourcecode.c.objc; lineEnding = 0; name = GEvertex.m; path = Planetthing/GEvertex.m; sourceTree = "<group>"; xcLanguageSpecificationIdentifier = xcode.lang.objc; };
		372119C41B644EC400F1C1B1 /* GEtriangle.m */ = {isa = PBXFileReference; fileEncoding = 4; lastKnownFileType = sourcecode.c.objc; name = GEtriangle.m; path = Planetthing/GEtriangle.m; sourceTree = "<group>"; };
		375F0A0A1B4D9B5500F894C3 /* Planetthing.app */ = {isa = PBXFileReference; explicitFileType = wrapper.application; includeInIndex = 0; path = Planetthing.app; sourceTree = BUILT_PRODUCTS_DIR; };
		375F0A0E1B4D9B5500F894C3 /* Info.plist */ = {isa = PBXFileReference; lastKnownFileType = text.plist.xml; path = Info.plist; sourceTree = "<group>"; };
		375F0A0F1B4D9B5500F894C3 /* main.m */ = {isa = PBXFileReference; lastKnownFileType = sourcecode.c.objc; path = main.m; sourceTree = "<group>"; };
		375F0A111B4D9B5500F894C3 /* AppDelegate.h */ = {isa = PBXFileReference; lastKnownFileType = sourcecode.c.h; path = AppDelegate.h; sourceTree = "<group>"; };
		375F0A121B4D9B5500F894C3 /* AppDelegate.m */ = {isa = PBXFileReference; lastKnownFileType = sourcecode.c.objc; path = AppDelegate.m; sourceTree = "<group>"; };
		375F0A181B4D9B5500F894C3 /* GameViewController.h */ = {isa = PBXFileReference; lastKnownFileType = sourcecode.c.h; path = GameViewController.h; sourceTree = "<group>"; };
		375F0A191B4D9B5500F894C3 /* GameViewController.m */ = {isa = PBXFileReference; lastKnownFileType = sourcecode.c.objc; lineEnding = 0; path = GameViewController.m; sourceTree = "<group>"; xcLanguageSpecificationIdentifier = xcode.lang.objc; };
		375F0A1C1B4D9B5500F894C3 /* Base */ = {isa = PBXFileReference; lastKnownFileType = file.storyboard; name = Base; path = Base.lproj/Main.storyboard; sourceTree = "<group>"; };
		375F0A271B4D9B5500F894C3 /* PlanetthingTests.xctest */ = {isa = PBXFileReference; explicitFileType = wrapper.cfbundle; includeInIndex = 0; path = PlanetthingTests.xctest; sourceTree = BUILT_PRODUCTS_DIR; };
		375F0A2C1B4D9B5500F894C3 /* Info.plist */ = {isa = PBXFileReference; lastKnownFileType = text.plist.xml; path = Info.plist; sourceTree = "<group>"; };
		375F0A2D1B4D9B5500F894C3 /* PlanetthingTests.m */ = {isa = PBXFileReference; lastKnownFileType = sourcecode.c.objc; path = PlanetthingTests.m; sourceTree = "<group>"; };
		375F0A371B4D9BC500F894C3 /* Images.xcassets */ = {isa = PBXFileReference; lastKnownFileType = folder.assetcatalog; path = Images.xcassets; sourceTree = "<group>"; };
		375F0A391B4D9FF500F894C3 /* GameKit.framework */ = {isa = PBXFileReference; lastKnownFileType = wrapper.framework; name = GameKit.framework; path = System/Library/Frameworks/GameKit.framework; sourceTree = SDKROOT; };
		375F0A3B1B4D9FFB00F894C3 /* StoreKit.framework */ = {isa = PBXFileReference; lastKnownFileType = wrapper.framework; name = StoreKit.framework; path = System/Library/Frameworks/StoreKit.framework; sourceTree = SDKROOT; };
		375F0A421B4DA0EC00F894C3 /* IHgamecenter.h */ = {isa = PBXFileReference; fileEncoding = 4; lastKnownFileType = sourcecode.c.h; name = IHgamecenter.h; path = Planetthing/IHgamecenter.h; sourceTree = "<group>"; };
		375F0A431B4DA0EC00F894C3 /* IHgamecenter.m */ = {isa = PBXFileReference; fileEncoding = 4; lastKnownFileType = sourcecode.c.objc; lineEnding = 0; name = IHgamecenter.m; path = Planetthing/IHgamecenter.m; sourceTree = "<group>"; xcLanguageSpecificationIdentifier = xcode.lang.objc; };
		375F0A471B4DE95100F894C3 /* Reachability.h */ = {isa = PBXFileReference; fileEncoding = 4; lastKnownFileType = sourcecode.c.h; name = Reachability.h; path = Planetthing/Reachability.h; sourceTree = "<group>"; };
		375F0A481B4DE95100F894C3 /* Reachability.m */ = {isa = PBXFileReference; fileEncoding = 4; lastKnownFileType = sourcecode.c.objc; name = Reachability.m; path = Planetthing/Reachability.m; sourceTree = "<group>"; };
		37635E861B6AAC73003F2B28 /* libfreetype.a */ = {isa = PBXFileReference; lastKnownFileType = archive.ar; name = libfreetype.a; path = "../../Develop/freetype-2.5.5/lib/libfreetype.a"; sourceTree = "<group>"; };
		37635E8B1B6ADD54003F2B28 /* arial.ttf */ = {isa = PBXFileReference; lastKnownFileType = file; name = arial.ttf; path = Planetthing/Resources/Fonts/arial.ttf; sourceTree = "<group>"; };
		376C221D1B54566E00DC3874 /* MediaPlayer.framework */ = {isa = PBXFileReference; lastKnownFileType = wrapper.framework; name = MediaPlayer.framework; path = System/Library/Frameworks/MediaPlayer.framework; sourceTree = SDKROOT; };
		37745A491B69962F002DFF83 /* blinn_phong.fsh */ = {isa = PBXFileReference; fileEncoding = 4; lastKnownFileType = sourcecode.glsl; name = blinn_phong.fsh; path = Planetthing/Shaders/blinn_phong.fsh; sourceTree = "<group>"; };
		37745A4A1B69962F002DFF83 /* blinn_phong.vsh */ = {isa = PBXFileReference; fileEncoding = 4; lastKnownFileType = sourcecode.glsl; name = blinn_phong.vsh; path = Planetthing/Shaders/blinn_phong.vsh; sourceTree = "<group>"; };
		3793C7E01B5D9E8C00741F37 /* GEtexture.h */ = {isa = PBXFileReference; fileEncoding = 4; lastKnownFileType = sourcecode.c.h; name = GEtexture.h; path = Planetthing/GEtexture.h; sourceTree = "<group>"; };
		3793C7E11B5D9E8C00741F37 /* GEtexture.m */ = {isa = PBXFileReference; fileEncoding = 4; lastKnownFileType = sourcecode.c.objc; name = GEtexture.m; path = Planetthing/GEtexture.m; sourceTree = "<group>"; };
		37976DE91B614C900008AA72 /* GEshader.h */ = {isa = PBXFileReference; fileEncoding = 4; lastKnownFileType = sourcecode.c.h; name = GEshader.h; path = Planetthing/GEshader.h; sourceTree = "<group>"; };
		37976DEA1B614C900008AA72 /* GEshader.m */ = {isa = PBXFileReference; fileEncoding = 4; lastKnownFileType = sourcecode.c.objc; name = GEshader.m; path = Planetthing/GEshader.m; sourceTree = "<group>"; };
		37976DEE1B617BFB0008AA72 /* GEanimatedmodel.h */ = {isa = PBXFileReference; lastKnownFileType = sourcecode.c.h; name = GEanimatedmodel.h; path = Planetthing/GEanimatedmodel.h; sourceTree = "<group>"; };
		37976DEF1B617C820008AA72 /* GEanimatedmodel.m */ = {isa = PBXFileReference; fileEncoding = 4; lastKnownFileType = sourcecode.c.objc; lineEnding = 0; name = GEanimatedmodel.m; path = Planetthing/GEanimatedmodel.m; sourceTree = "<group>"; xcLanguageSpecificationIdentifier = xcode.lang.objc; };
		37976DF71B618EDE0008AA72 /* hotwasser_512_512.png */ = {isa = PBXFileReference; lastKnownFileType = image.png; name = hotwasser_512_512.png; path = Planetthing/Resources/Images/hotwasser_512_512.png; sourceTree = "<group>"; };
		37976DFA1B61FAF50008AA72 /* GEmaterial.m */ = {isa = PBXFileReference; fileEncoding = 4; lastKnownFileType = sourcecode.c.objc; name = GEmaterial.m; path = Planetthing/GEmaterial.m; sourceTree = "<group>"; };
		37976DFC1B61FB360008AA72 /* GEmaterial.h */ = {isa = PBXFileReference; lastKnownFileType = sourcecode.c.h; name = GEmaterial.h; path = Planetthing/GEmaterial.h; sourceTree = "<group>"; };
		37976DFD1B61FB840008AA72 /* GEmesh.h */ = {isa = PBXFileReference; lastKnownFileType = sourcecode.c.h; name = GEmesh.h; path = Planetthing/GEmesh.h; sourceTree = "<group>"; };
		37976DFE1B61FBB90008AA72 /* GEmesh.m */ = {isa = PBXFileReference; fileEncoding = 4; lastKnownFileType = sourcecode.c.objc; lineEnding = 0; name = GEmesh.m; path = Planetthing/GEmesh.m; sourceTree = "<group>"; xcLanguageSpecificationIdentifier = xcode.lang.objc; };
		37A064DD1B582A880002F5F1 /* GMmain.h */ = {isa = PBXFileReference; fileEncoding = 4; lastKnownFileType = sourcecode.c.h; name = GMmain.h; path = Planetthing/GMmain.h; sourceTree = "<group>"; };
		37A064DE1B582A880002F5F1 /* GMmain.m */ = {isa = PBXFileReference; fileEncoding = 4; lastKnownFileType = sourcecode.c.objc; lineEnding = 0; name = GMmain.m; path = Planetthing/GMmain.m; sourceTree = "<group>"; xcLanguageSpecificationIdentifier = xcode.lang.objc; };
		37A064E01B582D150002F5F1 /* NSDataAES256.h */ = {isa = PBXFileReference; fileEncoding = 4; lastKnownFileType = sourcecode.c.h; name = NSDataAES256.h; path = Planetthing/NSDataAES256.h; sourceTree = "<group>"; };
		37A064E11B582D150002F5F1 /* NSDataAES256.m */ = {isa = PBXFileReference; fileEncoding = 4; lastKnownFileType = sourcecode.c.objc; name = NSDataAES256.m; path = Planetthing/NSDataAES256.m; sourceTree = "<group>"; };
		37A064E71B584C150002F5F1 /* GEview.h */ = {isa = PBXFileReference; fileEncoding = 4; lastKnownFileType = sourcecode.c.h; name = GEview.h; path = Planetthing/GEview.h; sourceTree = "<group>"; };
		37A064E81B584C150002F5F1 /* GEview.m */ = {isa = PBXFileReference; fileEncoding = 4; lastKnownFileType = sourcecode.c.objc; name = GEview.m; path = Planetthing/GEview.m; sourceTree = "<group>"; };
		37A064EA1B5857D40002F5F1 /* GEcontext.h */ = {isa = PBXFileReference; lastKnownFileType = sourcecode.c.h; name = GEcontext.h; path = Planetthing/GEcontext.h; sourceTree = "<group>"; };
		37A064EB1B5857EB0002F5F1 /* GEcontext.m */ = {isa = PBXFileReference; fileEncoding = 4; lastKnownFileType = sourcecode.c.objc; lineEnding = 0; name = GEcontext.m; path = Planetthing/GEcontext.m; sourceTree = "<group>"; xcLanguageSpecificationIdentifier = xcode.lang.objc; };
		37A064ED1B5860AE0002F5F1 /* GEcommon.h */ = {isa = PBXFileReference; lastKnownFileType = sourcecode.c.h; name = GEcommon.h; path = Planetthing/GEcommon.h; sourceTree = "<group>"; };
		37A5685E1B63217C006527F4 /* GEanimation.m */ = {isa = PBXFileReference; fileEncoding = 4; lastKnownFileType = sourcecode.c.objc; lineEnding = 0; name = GEanimation.m; path = Planetthing/GEanimation.m; sourceTree = "<group>"; xcLanguageSpecificationIdentifier = xcode.lang.objc; };
		37A568601B63218E006527F4 /* GEanimation.h */ = {isa = PBXFileReference; lastKnownFileType = sourcecode.c.h; name = GEanimation.h; path = Planetthing/GEanimation.h; sourceTree = "<group>"; };
		37ADFA5E1B60C94D002EE66B /* fullscreen_shader.fsh */ = {isa = PBXFileReference; fileEncoding = 4; lastKnownFileType = sourcecode.glsl; name = fullscreen_shader.fsh; path = Planetthing/Shaders/fullscreen_shader.fsh; sourceTree = "<group>"; };
		37ADFA5F1B60C94D002EE66B /* fullscreen_shader.vsh */ = {isa = PBXFileReference; fileEncoding = 4; lastKnownFileType = sourcecode.glsl; name = fullscreen_shader.vsh; path = Planetthing/Shaders/fullscreen_shader.vsh; sourceTree = "<group>"; };
		37ADFA621B60C95D002EE66B /* GEfullscreenshader.h */ = {isa = PBXFileReference; fileEncoding = 4; lastKnownFileType = sourcecode.c.h; name = GEfullscreenshader.h; path = Planetthing/GEfullscreenshader.h; sourceTree = "<group>"; };
		37ADFA631B60C95D002EE66B /* GEfullscreenshader.m */ = {isa = PBXFileReference; fileEncoding = 4; lastKnownFileType = sourcecode.c.objc; lineEnding = 0; name = GEfullscreenshader.m; path = Planetthing/GEfullscreenshader.m; sourceTree = "<group>"; xcLanguageSpecificationIdentifier = xcode.lang.objc; };
		37ADFA651B60CBAA002EE66B /* GEfullscreen.h */ = {isa = PBXFileReference; lastKnownFileType = sourcecode.c.h; name = GEfullscreen.h; path = Planetthing/GEfullscreen.h; sourceTree = "<group>"; };
		37ADFA661B60CCB8002EE66B /* GEfullscreen.m */ = {isa = PBXFileReference; fileEncoding = 4; lastKnownFileType = sourcecode.c.objc; lineEnding = 0; name = GEfullscreen.m; path = Planetthing/GEfullscreen.m; sourceTree = "<group>"; xcLanguageSpecificationIdentifier = xcode.lang.objc; };
		37C16B931B67316200C2BD2F /* color_shader.fsh */ = {isa = PBXFileReference; fileEncoding = 4; lastKnownFileType = sourcecode.glsl; name = color_shader.fsh; path = Planetthing/Shaders/color_shader.fsh; sourceTree = "<group>"; };
		37C16B941B67316200C2BD2F /* color_shader.vsh */ = {isa = PBXFileReference; fileEncoding = 4; lastKnownFileType = sourcecode.glsl; name = color_shader.vsh; path = Planetthing/Shaders/color_shader.vsh; sourceTree = "<group>"; };
		37C16B971B67338200C2BD2F /* GEcolorshader.h */ = {isa = PBXFileReference; lastKnownFileType = sourcecode.c.h; name = GEcolorshader.h; path = Planetthing/GEcolorshader.h; sourceTree = "<group>"; };
		37C16B981B67339600C2BD2F /* GEcolorshader.m */ = {isa = PBXFileReference; fileEncoding = 4; lastKnownFileType = sourcecode.c.objc; name = GEcolorshader.m; path = Planetthing/GEcolorshader.m; sourceTree = "<group>"; };
		37C16B9B1B67418C00C2BD2F /* GEboundingbox.h */ = {isa = PBXFileReference; lastKnownFileType = sourcecode.c.h; name = GEboundingbox.h; path = Planetthing/GEboundingbox.h; sourceTree = "<group>"; };
		37C16B9C1B67419E00C2BD2F /* GEboundingbox.m */ = {isa = PBXFileReference; fileEncoding = 4; lastKnownFileType = sourcecode.c.objc; name = GEboundingbox.m; path = Planetthing/GEboundingbox.m; sourceTree = "<group>"; };
		37D0EE991B58054100306DC7 /* GMglobals.h */ = {isa = PBXFileReference; lastKnownFileType = sourcecode.c.h; name = GMglobals.h; path = Planetthing/GMglobals.h; sourceTree = "<group>"; };
		37F4CD901B5EF42F009269BE /* texture_shader.fsh */ = {isa = PBXFileReference; fileEncoding = 4; lastKnownFileType = sourcecode.glsl; name = texture_shader.fsh; path = Planetthing/Shaders/texture_shader.fsh; sourceTree = "<group>"; };
		37F4CD911B5EF42F009269BE /* texture_shader.vsh */ = {isa = PBXFileReference; fileEncoding = 4; lastKnownFileType = sourcecode.glsl; name = texture_shader.vsh; path = Planetthing/Shaders/texture_shader.vsh; sourceTree = "<group>"; };
		37F4CD941B5F007D009269BE /* GEtextureshader.h */ = {isa = PBXFileReference; fileEncoding = 4; lastKnownFileType = sourcecode.c.h; name = GEtextureshader.h; path = Planetthing/GEtextureshader.h; sourceTree = "<group>"; };
		37F4CD951B5F007D009269BE /* GEtextureshader.m */ = {isa = PBXFileReference; fileEncoding = 4; lastKnownFileType = sourcecode.c.objc; lineEnding = 0; name = GEtextureshader.m; path = Planetthing/GEtextureshader.m; sourceTree = "<group>"; xcLanguageSpecificationIdentifier = xcode.lang.objc; };
		37F94A681B62CA310065D8D6 /* Bob Lamp */ = {isa = PBXFileReference; lastKnownFileType = folder; name = "Bob Lamp"; path = "Planetthing/Resources/Models/Bob Lamp"; sourceTree = "<group>"; };
/* End PBXFileReference section */

/* Begin PBXFrameworksBuildPhase section */
		375F0A071B4D9B5500F894C3 /* Frameworks */ = {
			isa = PBXFrameworksBuildPhase;
			buildActionMask = 2147483647;
			files = (
				376C221E1B54566E00DC3874 /* MediaPlayer.framework in Frameworks */,
				375F0A3A1B4D9FF500F894C3 /* GameKit.framework in Frameworks */,
				375F0A3C1B4D9FFB00F894C3 /* StoreKit.framework in Frameworks */,
				37635E871B6AAC73003F2B28 /* libfreetype.a in Frameworks */,
			);
			runOnlyForDeploymentPostprocessing = 0;
		};
		375F0A241B4D9B5500F894C3 /* Frameworks */ = {
			isa = PBXFrameworksBuildPhase;
			buildActionMask = 2147483647;
			files = (
			);
			runOnlyForDeploymentPostprocessing = 0;
		};
/* End PBXFrameworksBuildPhase section */

/* Begin PBXGroup section */
		372119BF1B64006300F1C1B1 /* Animation */ = {
			isa = PBXGroup;
			children = (
				37A568601B63218E006527F4 /* GEanimation.h */,
				37A5685E1B63217C006527F4 /* GEanimation.m */,
				372119AD1B63E7B900F1C1B1 /* GEframe.h */,
				372119B41B63E82A00F1C1B1 /* GEframe.m */,
			);
			name = Animation;
			sourceTree = "<group>";
		};
		372119C01B64009900F1C1B1 /* Sahders */ = {
			isa = PBXGroup;
			children = (
				37ADFA621B60C95D002EE66B /* GEfullscreenshader.h */,
				37ADFA631B60C95D002EE66B /* GEfullscreenshader.m */,
				37976DE91B614C900008AA72 /* GEshader.h */,
				37976DEA1B614C900008AA72 /* GEshader.m */,
				37F4CD941B5F007D009269BE /* GEtextureshader.h */,
				37F4CD951B5F007D009269BE /* GEtextureshader.m */,
				37C16B971B67338200C2BD2F /* GEcolorshader.h */,
				37C16B981B67339600C2BD2F /* GEcolorshader.m */,
			);
			name = Sahders;
			sourceTree = "<group>";
		};
		372119C11B6400B600F1C1B1 /* Models */ = {
			isa = PBXGroup;
			children = (
				37976DEE1B617BFB0008AA72 /* GEanimatedmodel.h */,
				37976DEF1B617C820008AA72 /* GEanimatedmodel.m */,
				37976DFC1B61FB360008AA72 /* GEmaterial.h */,
				37976DFA1B61FAF50008AA72 /* GEmaterial.m */,
				37976DFD1B61FB840008AA72 /* GEmesh.h */,
				37976DFE1B61FBB90008AA72 /* GEmesh.m */,
				3793C7E01B5D9E8C00741F37 /* GEtexture.h */,
				3793C7E11B5D9E8C00741F37 /* GEtexture.m */,
				37C16B9B1B67418C00C2BD2F /* GEboundingbox.h */,
				37C16B9C1B67419E00C2BD2F /* GEboundingbox.m */,
			);
			name = Models;
			sourceTree = "<group>";
		};
		372119C21B64011E00F1C1B1 /* Render and View */ = {
			isa = PBXGroup;
			children = (
				37A064EA1B5857D40002F5F1 /* GEcontext.h */,
				37A064EB1B5857EB0002F5F1 /* GEcontext.m */,
				37ADFA651B60CBAA002EE66B /* GEfullscreen.h */,
				37ADFA661B60CCB8002EE66B /* GEfullscreen.m */,
				370AFC2E1B681BC4003B190C /* GElayer.h */,
				370AFC2F1B681BC4003B190C /* GElayer.m */,
				370AFC311B6836CC003B190C /* GEupdatecaller.h */,
				370AFC321B6836E8003B190C /* GEupdatecaller.m */,
				37A064E71B584C150002F5F1 /* GEview.h */,
				37A064E81B584C150002F5F1 /* GEview.m */,
				370AFC341B68616C003B190C /* GEfbo.h */,
				370AFC361B686182003B190C /* GEfbo.m */,
			);
			name = "Render and View";
			sourceTree = "<group>";
		};
		372119C31B64017300F1C1B1 /* Support */ = {
			isa = PBXGroup;
			children = (
				372119AE1B63E7C200F1C1B1 /* GEbound.h */,
				372119B21B63E81800F1C1B1 /* GEbound.m */,
				37A064ED1B5860AE0002F5F1 /* GEcommon.h */,
				372119A61B63E75400F1C1B1 /* GEjoint.h */,
				372119B01B63E80D00F1C1B1 /* GEjoint.m */,
				372119AC1B63E7A300F1C1B1 /* GEtriangle.h */,
				372119C41B644EC400F1C1B1 /* GEtriangle.m */,
				372119AB1B63E79900F1C1B1 /* GEvertex.h */,
				372119BC1B63E86800F1C1B1 /* GEvertex.m */,
				372119AF1B63E7D600F1C1B1 /* GEweight.h */,
				372119B61B63E83800F1C1B1 /* GEweight.m */,
			);
			name = Support;
			sourceTree = "<group>";
		};
		373CF0871B56DEDB002A9CFD /* Game */ = {
			isa = PBXGroup;
			children = (
				37D0EE991B58054100306DC7 /* GMglobals.h */,
				37A064DD1B582A880002F5F1 /* GMmain.h */,
				37A064DE1B582A880002F5F1 /* GMmain.m */,
			);
			name = Game;
			sourceTree = "<group>";
		};
		375F0A011B4D9B5500F894C3 = {
			isa = PBXGroup;
			children = (
				375F0A3D1B4DA01D00F894C3 /* Frameworks */,
				373CF0871B56DEDB002A9CFD /* Game */,
				37A064E31B583E680002F5F1 /* GE Classes */,
				375F0A3E1B4DA09C00F894C3 /* iOS Helpers */,
				375F0A0C1B4D9B5500F894C3 /* Planetthing */,
				375F0A2A1B4D9B5500F894C3 /* PlanetthingTests */,
				375F0A0B1B4D9B5500F894C3 /* Products */,
				37F4CD891B5EE05F009269BE /* Resources */,
				37F4CD8F1B5EF3F7009269BE /* Shaders */,
			);
			sourceTree = "<group>";
		};
		375F0A0B1B4D9B5500F894C3 /* Products */ = {
			isa = PBXGroup;
			children = (
				375F0A0A1B4D9B5500F894C3 /* Planetthing.app */,
				375F0A271B4D9B5500F894C3 /* PlanetthingTests.xctest */,
			);
			name = Products;
			sourceTree = "<group>";
		};
		375F0A0C1B4D9B5500F894C3 /* Planetthing */ = {
			isa = PBXGroup;
			children = (
				375F0A111B4D9B5500F894C3 /* AppDelegate.h */,
				375F0A121B4D9B5500F894C3 /* AppDelegate.m */,
				375F0A181B4D9B5500F894C3 /* GameViewController.h */,
				375F0A191B4D9B5500F894C3 /* GameViewController.m */,
				375F0A371B4D9BC500F894C3 /* Images.xcassets */,
				375F0A1B1B4D9B5500F894C3 /* Main.storyboard */,
				375F0A0D1B4D9B5500F894C3 /* Supporting Files */,
			);
			path = Planetthing;
			sourceTree = "<group>";
		};
		375F0A0D1B4D9B5500F894C3 /* Supporting Files */ = {
			isa = PBXGroup;
			children = (
				375F0A0E1B4D9B5500F894C3 /* Info.plist */,
				375F0A0F1B4D9B5500F894C3 /* main.m */,
			);
			name = "Supporting Files";
			sourceTree = "<group>";
		};
		375F0A2A1B4D9B5500F894C3 /* PlanetthingTests */ = {
			isa = PBXGroup;
			children = (
				375F0A2D1B4D9B5500F894C3 /* PlanetthingTests.m */,
				375F0A2B1B4D9B5500F894C3 /* Supporting Files */,
			);
			path = PlanetthingTests;
			sourceTree = "<group>";
		};
		375F0A2B1B4D9B5500F894C3 /* Supporting Files */ = {
			isa = PBXGroup;
			children = (
				375F0A2C1B4D9B5500F894C3 /* Info.plist */,
			);
			name = "Supporting Files";
			sourceTree = "<group>";
		};
		375F0A3D1B4DA01D00F894C3 /* Frameworks */ = {
			isa = PBXGroup;
			children = (
				37635E861B6AAC73003F2B28 /* libfreetype.a */,
				376C221D1B54566E00DC3874 /* MediaPlayer.framework */,
				375F0A3B1B4D9FFB00F894C3 /* StoreKit.framework */,
				375F0A391B4D9FF500F894C3 /* GameKit.framework */,
			);
			name = Frameworks;
			path = Planetthing.xcodeproj;
			sourceTree = "<group>";
		};
		375F0A3E1B4DA09C00F894C3 /* iOS Helpers */ = {
			isa = PBXGroup;
			children = (
				375F0A461B4DE92A00F894C3 /* Dependecies */,
				375F0A421B4DA0EC00F894C3 /* IHgamecenter.h */,
				375F0A431B4DA0EC00F894C3 /* IHgamecenter.m */,
			);
			name = "iOS Helpers";
			sourceTree = "<group>";
		};
		375F0A461B4DE92A00F894C3 /* Dependecies */ = {
			isa = PBXGroup;
			children = (
				37A064E01B582D150002F5F1 /* NSDataAES256.h */,
				37A064E11B582D150002F5F1 /* NSDataAES256.m */,
				375F0A471B4DE95100F894C3 /* Reachability.h */,
				375F0A481B4DE95100F894C3 /* Reachability.m */,
			);
			name = Dependecies;
			sourceTree = "<group>";
		};
		37635E881B6AB4F6003F2B28 /* Fonts */ = {
			isa = PBXGroup;
			children = (
				37635E8B1B6ADD54003F2B28 /* arial.ttf */,
			);
			name = Fonts;
			sourceTree = "<group>";
		};
		37976DF11B618E940008AA72 /* Images */ = {
			isa = PBXGroup;
			children = (
				37976DF71B618EDE0008AA72 /* hotwasser_512_512.png */,
			);
			name = Images;
			sourceTree = "<group>";
		};
		37976DF21B618EA40008AA72 /* Models */ = {
			isa = PBXGroup;
			children = (
				37F94A681B62CA310065D8D6 /* Bob Lamp */,
			);
			name = Models;
			sourceTree = "<group>";
		};
		37A064E31B583E680002F5F1 /* GE Classes */ = {
			isa = PBXGroup;
			children = (
				372119BF1B64006300F1C1B1 /* Animation */,
				372119C11B6400B600F1C1B1 /* Models */,
				372119C21B64011E00F1C1B1 /* Render and View */,
				372119C01B64009900F1C1B1 /* Sahders */,
				372119C31B64017300F1C1B1 /* Support */,
			);
			name = "GE Classes";
			sourceTree = "<group>";
		};
		37F4CD891B5EE05F009269BE /* Resources */ = {
			isa = PBXGroup;
			children = (
				37635E881B6AB4F6003F2B28 /* Fonts */,
				37976DF21B618EA40008AA72 /* Models */,
				37976DF11B618E940008AA72 /* Images */,
			);
			name = Resources;
			sourceTree = "<group>";
		};
		37F4CD8F1B5EF3F7009269BE /* Shaders */ = {
			isa = PBXGroup;
			children = (
				37745A491B69962F002DFF83 /* blinn_phong.fsh */,
				37745A4A1B69962F002DFF83 /* blinn_phong.vsh */,
				37C16B931B67316200C2BD2F /* color_shader.fsh */,
				37C16B941B67316200C2BD2F /* color_shader.vsh */,
				37ADFA5E1B60C94D002EE66B /* fullscreen_shader.fsh */,
				37ADFA5F1B60C94D002EE66B /* fullscreen_shader.vsh */,
				37F4CD901B5EF42F009269BE /* texture_shader.fsh */,
				37F4CD911B5EF42F009269BE /* texture_shader.vsh */,
			);
			name = Shaders;
			sourceTree = "<group>";
		};
/* End PBXGroup section */

/* Begin PBXNativeTarget section */
		375F0A091B4D9B5500F894C3 /* Planetthing */ = {
			isa = PBXNativeTarget;
			buildConfigurationList = 375F0A311B4D9B5500F894C3 /* Build configuration list for PBXNativeTarget "Planetthing" */;
			buildPhases = (
				375F0A061B4D9B5500F894C3 /* Sources */,
				375F0A071B4D9B5500F894C3 /* Frameworks */,
				375F0A081B4D9B5500F894C3 /* Resources */,
			);
			buildRules = (
			);
			dependencies = (
			);
			name = Planetthing;
			productName = Planetthing;
			productReference = 375F0A0A1B4D9B5500F894C3 /* Planetthing.app */;
			productType = "com.apple.product-type.application";
		};
		375F0A261B4D9B5500F894C3 /* PlanetthingTests */ = {
			isa = PBXNativeTarget;
			buildConfigurationList = 375F0A341B4D9B5500F894C3 /* Build configuration list for PBXNativeTarget "PlanetthingTests" */;
			buildPhases = (
				375F0A231B4D9B5500F894C3 /* Sources */,
				375F0A241B4D9B5500F894C3 /* Frameworks */,
				375F0A251B4D9B5500F894C3 /* Resources */,
			);
			buildRules = (
			);
			dependencies = (
				375F0A291B4D9B5500F894C3 /* PBXTargetDependency */,
			);
			name = PlanetthingTests;
			productName = PlanetthingTests;
			productReference = 375F0A271B4D9B5500F894C3 /* PlanetthingTests.xctest */;
			productType = "com.apple.product-type.bundle.unit-test";
		};
/* End PBXNativeTarget section */

/* Begin PBXProject section */
		375F0A021B4D9B5500F894C3 /* Project object */ = {
			isa = PBXProject;
			attributes = {
				LastUpgradeCheck = 0640;
				ORGANIZATIONNAME = "Hotwasser Games";
				TargetAttributes = {
					375F0A091B4D9B5500F894C3 = {
						CreatedOnToolsVersion = 6.4;
						DevelopmentTeam = 4WT5U2SGE8;
						SystemCapabilities = {
							com.apple.GameCenter = {
								enabled = 1;
							};
							com.apple.InAppPurchase = {
								enabled = 1;
							};
						};
					};
					375F0A261B4D9B5500F894C3 = {
						CreatedOnToolsVersion = 6.4;
						TestTargetID = 375F0A091B4D9B5500F894C3;
					};
				};
			};
			buildConfigurationList = 375F0A051B4D9B5500F894C3 /* Build configuration list for PBXProject "Planetthing" */;
			compatibilityVersion = "Xcode 3.2";
			developmentRegion = English;
			hasScannedForEncodings = 0;
			knownRegions = (
				en,
				Base,
			);
			mainGroup = 375F0A011B4D9B5500F894C3;
			productRefGroup = 375F0A0B1B4D9B5500F894C3 /* Products */;
			projectDirPath = "";
			projectRoot = "";
			targets = (
				375F0A091B4D9B5500F894C3 /* Planetthing */,
				375F0A261B4D9B5500F894C3 /* PlanetthingTests */,
			);
		};
/* End PBXProject section */

/* Begin PBXResourcesBuildPhase section */
		375F0A081B4D9B5500F894C3 /* Resources */ = {
			isa = PBXResourcesBuildPhase;
			buildActionMask = 2147483647;
			files = (
				37C16B951B67316200C2BD2F /* color_shader.fsh in Resources */,
				37F4CD921B5EF42F009269BE /* texture_shader.fsh in Resources */,
				375F0A1D1B4D9B5500F894C3 /* Main.storyboard in Resources */,
				37976DF81B618EDE0008AA72 /* hotwasser_512_512.png in Resources */,
				37745A4C1B69962F002DFF83 /* blinn_phong.vsh in Resources */,
				37745A4B1B69962F002DFF83 /* blinn_phong.fsh in Resources */,
				37C16B961B67316200C2BD2F /* color_shader.vsh in Resources */,
				375F0A381B4D9BC500F894C3 /* Images.xcassets in Resources */,
				37ADFA601B60C94D002EE66B /* fullscreen_shader.fsh in Resources */,
				37F94A691B62CA310065D8D6 /* Bob Lamp in Resources */,
				37ADFA611B60C94D002EE66B /* fullscreen_shader.vsh in Resources */,
				37F4CD931B5EF42F009269BE /* texture_shader.vsh in Resources */,
				37635E8C1B6ADE4D003F2B28 /* arial.ttf in Resources */,
			);
			runOnlyForDeploymentPostprocessing = 0;
		};
		375F0A251B4D9B5500F894C3 /* Resources */ = {
			isa = PBXResourcesBuildPhase;
			buildActionMask = 2147483647;
			files = (
			);
			runOnlyForDeploymentPostprocessing = 0;
		};
/* End PBXResourcesBuildPhase section */

/* Begin PBXSourcesBuildPhase section */
		375F0A061B4D9B5500F894C3 /* Sources */ = {
			isa = PBXSourcesBuildPhase;
			buildActionMask = 2147483647;
			files = (
				375F0A131B4D9B5500F894C3 /* AppDelegate.m in Sources */,
				37A064DF1B582A880002F5F1 /* GMmain.m in Sources */,
				370AFC331B6836E8003B190C /* GEupdatecaller.m in Sources */,
				370AFC371B686182003B190C /* GEfbo.m in Sources */,
				37A064E91B584C150002F5F1 /* GEview.m in Sources */,
				375F0A441B4DA0EC00F894C3 /* IHgamecenter.m in Sources */,
				372119B11B63E80D00F1C1B1 /* GEjoint.m in Sources */,
				37C16B9D1B67419E00C2BD2F /* GEboundingbox.m in Sources */,
				372119B71B63E83800F1C1B1 /* GEweight.m in Sources */,
				375F0A1A1B4D9B5500F894C3 /* GameViewController.m in Sources */,
				372119B31B63E81800F1C1B1 /* GEbound.m in Sources */,
				37A064EC1B5857EB0002F5F1 /* GEcontext.m in Sources */,
				37A5685F1B63217C006527F4 /* GEanimation.m in Sources */,
				372119C51B644EC400F1C1B1 /* GEtriangle.m in Sources */,
				3793C7E21B5D9E8C00741F37 /* GEtexture.m in Sources */,
				370AFC301B681BC4003B190C /* GElayer.m in Sources */,
				37ADFA641B60C95D002EE66B /* GEfullscreenshader.m in Sources */,
				37976DFB1B61FAF50008AA72 /* GEmaterial.m in Sources */,
				375F0A101B4D9B5500F894C3 /* main.m in Sources */,
				37976DFF1B61FBB90008AA72 /* GEmesh.m in Sources */,
				37C16B991B67339600C2BD2F /* GEcolorshader.m in Sources */,
				37ADFA671B60CCB8002EE66B /* GEfullscreen.m in Sources */,
				37976DEB1B614C900008AA72 /* GEshader.m in Sources */,
				372119BD1B63E86800F1C1B1 /* GEvertex.m in Sources */,
				372119B51B63E82A00F1C1B1 /* GEframe.m in Sources */,
				37976DF01B617C820008AA72 /* GEanimatedmodel.m in Sources */,
				37A064E21B582D150002F5F1 /* NSDataAES256.m in Sources */,
				37F4CD961B5F007D009269BE /* GEtextureshader.m in Sources */,
				375F0A491B4DE95100F894C3 /* Reachability.m in Sources */,
			);
			runOnlyForDeploymentPostprocessing = 0;
		};
		375F0A231B4D9B5500F894C3 /* Sources */ = {
			isa = PBXSourcesBuildPhase;
			buildActionMask = 2147483647;
			files = (
				375F0A2E1B4D9B5500F894C3 /* PlanetthingTests.m in Sources */,
			);
			runOnlyForDeploymentPostprocessing = 0;
		};
/* End PBXSourcesBuildPhase section */

/* Begin PBXTargetDependency section */
		375F0A291B4D9B5500F894C3 /* PBXTargetDependency */ = {
			isa = PBXTargetDependency;
			target = 375F0A091B4D9B5500F894C3 /* Planetthing */;
			targetProxy = 375F0A281B4D9B5500F894C3 /* PBXContainerItemProxy */;
		};
/* End PBXTargetDependency section */

/* Begin PBXVariantGroup section */
		375F0A1B1B4D9B5500F894C3 /* Main.storyboard */ = {
			isa = PBXVariantGroup;
			children = (
				375F0A1C1B4D9B5500F894C3 /* Base */,
			);
			name = Main.storyboard;
			sourceTree = "<group>";
		};
/* End PBXVariantGroup section */

/* Begin XCBuildConfiguration section */
		375F0A2F1B4D9B5500F894C3 /* Debug */ = {
			isa = XCBuildConfiguration;
			buildSettings = {
				ALWAYS_SEARCH_USER_PATHS = NO;
				CLANG_CXX_LANGUAGE_STANDARD = "gnu++0x";
				CLANG_CXX_LIBRARY = "libc++";
				CLANG_ENABLE_MODULES = YES;
				CLANG_ENABLE_OBJC_ARC = YES;
				CLANG_WARN_BOOL_CONVERSION = YES;
				CLANG_WARN_CONSTANT_CONVERSION = YES;
				CLANG_WARN_DIRECT_OBJC_ISA_USAGE = YES_ERROR;
				CLANG_WARN_EMPTY_BODY = YES;
				CLANG_WARN_ENUM_CONVERSION = YES;
				CLANG_WARN_INT_CONVERSION = YES;
				CLANG_WARN_OBJC_ROOT_CLASS = YES_ERROR;
				CLANG_WARN_UNREACHABLE_CODE = YES;
				CLANG_WARN__DUPLICATE_METHOD_MATCH = YES;
				"CODE_SIGN_IDENTITY[sdk=iphoneos*]" = "iPhone Developer";
				COPY_PHASE_STRIP = NO;
				DEBUG_INFORMATION_FORMAT = "dwarf-with-dsym";
				ENABLE_STRICT_OBJC_MSGSEND = YES;
				GCC_C_LANGUAGE_STANDARD = gnu99;
				GCC_DYNAMIC_NO_PIC = NO;
				GCC_NO_COMMON_BLOCKS = YES;
				GCC_OPTIMIZATION_LEVEL = 0;
				GCC_PREPROCESSOR_DEFINITIONS = (
					"DEBUG=1",
					"$(inherited)",
				);
				GCC_SYMBOLS_PRIVATE_EXTERN = NO;
				GCC_WARN_64_TO_32_BIT_CONVERSION = YES;
				GCC_WARN_ABOUT_RETURN_TYPE = YES_ERROR;
				GCC_WARN_UNDECLARED_SELECTOR = YES;
				GCC_WARN_UNINITIALIZED_AUTOS = YES_AGGRESSIVE;
				GCC_WARN_UNUSED_FUNCTION = YES;
				GCC_WARN_UNUSED_VARIABLE = YES;
				IPHONEOS_DEPLOYMENT_TARGET = 8.4;
				MTL_ENABLE_DEBUG_INFO = YES;
				ONLY_ACTIVE_ARCH = YES;
				SDKROOT = iphoneos;
				TARGETED_DEVICE_FAMILY = "1,2";
			};
			name = Debug;
		};
		375F0A301B4D9B5500F894C3 /* Release */ = {
			isa = XCBuildConfiguration;
			buildSettings = {
				ALWAYS_SEARCH_USER_PATHS = NO;
				CLANG_CXX_LANGUAGE_STANDARD = "gnu++0x";
				CLANG_CXX_LIBRARY = "libc++";
				CLANG_ENABLE_MODULES = YES;
				CLANG_ENABLE_OBJC_ARC = YES;
				CLANG_WARN_BOOL_CONVERSION = YES;
				CLANG_WARN_CONSTANT_CONVERSION = YES;
				CLANG_WARN_DIRECT_OBJC_ISA_USAGE = YES_ERROR;
				CLANG_WARN_EMPTY_BODY = YES;
				CLANG_WARN_ENUM_CONVERSION = YES;
				CLANG_WARN_INT_CONVERSION = YES;
				CLANG_WARN_OBJC_ROOT_CLASS = YES_ERROR;
				CLANG_WARN_UNREACHABLE_CODE = YES;
				CLANG_WARN__DUPLICATE_METHOD_MATCH = YES;
				"CODE_SIGN_IDENTITY[sdk=iphoneos*]" = "iPhone Developer";
				COPY_PHASE_STRIP = NO;
				DEBUG_INFORMATION_FORMAT = "dwarf-with-dsym";
				ENABLE_NS_ASSERTIONS = NO;
				ENABLE_STRICT_OBJC_MSGSEND = YES;
				GCC_C_LANGUAGE_STANDARD = gnu99;
				GCC_NO_COMMON_BLOCKS = YES;
				GCC_WARN_64_TO_32_BIT_CONVERSION = YES;
				GCC_WARN_ABOUT_RETURN_TYPE = YES_ERROR;
				GCC_WARN_UNDECLARED_SELECTOR = YES;
				GCC_WARN_UNINITIALIZED_AUTOS = YES_AGGRESSIVE;
				GCC_WARN_UNUSED_FUNCTION = YES;
				GCC_WARN_UNUSED_VARIABLE = YES;
				IPHONEOS_DEPLOYMENT_TARGET = 8.4;
				MTL_ENABLE_DEBUG_INFO = NO;
				SDKROOT = iphoneos;
				TARGETED_DEVICE_FAMILY = "1,2";
				VALIDATE_PRODUCT = YES;
			};
			name = Release;
		};
		375F0A321B4D9B5500F894C3 /* Debug */ = {
			isa = XCBuildConfiguration;
			buildSettings = {
				ASSETCATALOG_COMPILER_APPICON_NAME = AppIcon;
				ASSETCATALOG_COMPILER_LAUNCHIMAGE_NAME = LaunchImage;
				CODE_SIGN_IDENTITY = "iPhone Developer";
				"CODE_SIGN_IDENTITY[sdk=iphoneos*]" = "iPhone Developer";
				COMPRESS_PNG_FILES = NO;
				GCC_PREPROCESSOR_DEFINITIONS = "DEBUG=1";
				HEADER_SEARCH_PATHS = (
					"$(inherited)",
					/Applications/Xcode.app/Contents/Developer/Toolchains/XcodeDefault.xctoolchain/usr/include,
					"/Users/omard/Desktop/Develop/freetype-2.5.5/include",
				);
				INFOPLIST_FILE = Planetthing/Info.plist;
				IPHONEOS_DEPLOYMENT_TARGET = 7.0;
				LD_RUNPATH_SEARCH_PATHS = "$(inherited) @executable_path/Frameworks";
				LIBRARY_SEARCH_PATHS = (
					"$(inherited)",
					"/Users/omard/Desktop/Develop/freetype-2.5.5/lib",
				);
				OTHER_LDFLAGS = "";
				PRODUCT_NAME = "$(TARGET_NAME)";
				PROVISIONING_PROFILE = "";
			};
			name = Debug;
		};
		375F0A331B4D9B5500F894C3 /* Release */ = {
			isa = XCBuildConfiguration;
			buildSettings = {
				ASSETCATALOG_COMPILER_APPICON_NAME = AppIcon;
				ASSETCATALOG_COMPILER_LAUNCHIMAGE_NAME = LaunchImage;
				CODE_SIGN_IDENTITY = "iPhone Developer";
				"CODE_SIGN_IDENTITY[sdk=iphoneos*]" = "iPhone Developer";
				COMPRESS_PNG_FILES = NO;
				GCC_PREPROCESSOR_DEFINITIONS = "";
				HEADER_SEARCH_PATHS = (
					"$(inherited)",
					/Applications/Xcode.app/Contents/Developer/Toolchains/XcodeDefault.xctoolchain/usr/include,
					"/Users/omard/Desktop/Develop/freetype-2.5.5/include",
				);
				INFOPLIST_FILE = Planetthing/Info.plist;
				IPHONEOS_DEPLOYMENT_TARGET = 7.0;
				LD_RUNPATH_SEARCH_PATHS = "$(inherited) @executable_path/Frameworks";
				LIBRARY_SEARCH_PATHS = (
					"$(inherited)",
					"/Users/omard/Desktop/Develop/freetype-2.5.5/lib",
				);
				OTHER_LDFLAGS = "";
				PRODUCT_NAME = "$(TARGET_NAME)";
				PROVISIONING_PROFILE = "";
			};
			name = Release;
		};
		375F0A351B4D9B5500F894C3 /* Debug */ = {
			isa = XCBuildConfiguration;
			buildSettings = {
				BUNDLE_LOADER = "$(TEST_HOST)";
				FRAMEWORK_SEARCH_PATHS = (
					"$(SDKROOT)/Developer/Library/Frameworks",
					"$(inherited)",
				);
				GCC_PREPROCESSOR_DEFINITIONS = (
					"DEBUG=1",
					"$(inherited)",
				);
				INFOPLIST_FILE = PlanetthingTests/Info.plist;
				LD_RUNPATH_SEARCH_PATHS = "$(inherited) @executable_path/Frameworks @loader_path/Frameworks";
				PRODUCT_NAME = "$(TARGET_NAME)";
				TEST_HOST = "$(BUILT_PRODUCTS_DIR)/Planetthing.app/Planetthing";
			};
			name = Debug;
		};
		375F0A361B4D9B5500F894C3 /* Release */ = {
			isa = XCBuildConfiguration;
			buildSettings = {
				BUNDLE_LOADER = "$(TEST_HOST)";
				FRAMEWORK_SEARCH_PATHS = (
					"$(SDKROOT)/Developer/Library/Frameworks",
					"$(inherited)",
				);
				INFOPLIST_FILE = PlanetthingTests/Info.plist;
				LD_RUNPATH_SEARCH_PATHS = "$(inherited) @executable_path/Frameworks @loader_path/Frameworks";
				PRODUCT_NAME = "$(TARGET_NAME)";
				TEST_HOST = "$(BUILT_PRODUCTS_DIR)/Planetthing.app/Planetthing";
			};
			name = Release;
		};
/* End XCBuildConfiguration section */

/* Begin XCConfigurationList section */
		375F0A051B4D9B5500F894C3 /* Build configuration list for PBXProject "Planetthing" */ = {
			isa = XCConfigurationList;
			buildConfigurations = (
				375F0A2F1B4D9B5500F894C3 /* Debug */,
				375F0A301B4D9B5500F894C3 /* Release */,
			);
			defaultConfigurationIsVisible = 0;
			defaultConfigurationName = Release;
		};
		375F0A311B4D9B5500F894C3 /* Build configuration list for PBXNativeTarget "Planetthing" */ = {
			isa = XCConfigurationList;
			buildConfigurations = (
				375F0A321B4D9B5500F894C3 /* Debug */,
				375F0A331B4D9B5500F894C3 /* Release */,
			);
			defaultConfigurationIsVisible = 0;
			defaultConfigurationName = Release;
		};
		375F0A341B4D9B5500F894C3 /* Build configuration list for PBXNativeTarget "PlanetthingTests" */ = {
			isa = XCConfigurationList;
			buildConfigurations = (
				375F0A351B4D9B5500F894C3 /* Debug */,
				375F0A361B4D9B5500F894C3 /* Release */,
			);
			defaultConfigurationIsVisible = 0;
			defaultConfigurationName = Release;
		};
/* End XCConfigurationList section */
	};
	rootObject = 375F0A021B4D9B5500F894C3 /* Project object */;
}
