// !$*UTF8*$!
{
	archiveVersion = 1;
	classes = {
	};
	objectVersion = 46;
	objects = {

/* Begin PBXBuildFile section */
		375F0A101B4D9B5500F894C3 /* main.m in Sources */ = {isa = PBXBuildFile; fileRef = 375F0A0F1B4D9B5500F894C3 /* main.m */; };
		375F0A131B4D9B5500F894C3 /* AppDelegate.m in Sources */ = {isa = PBXBuildFile; fileRef = 375F0A121B4D9B5500F894C3 /* AppDelegate.m */; };
		375F0A1A1B4D9B5500F894C3 /* GameViewController.m in Sources */ = {isa = PBXBuildFile; fileRef = 375F0A191B4D9B5500F894C3 /* GameViewController.m */; };
		375F0A1D1B4D9B5500F894C3 /* Main.storyboard in Resources */ = {isa = PBXBuildFile; fileRef = 375F0A1B1B4D9B5500F894C3 /* Main.storyboard */; };
		375F0A2E1B4D9B5500F894C3 /* PlanetthingTests.m in Sources */ = {isa = PBXBuildFile; fileRef = 375F0A2D1B4D9B5500F894C3 /* PlanetthingTests.m */; };
		375F0A381B4D9BC500F894C3 /* Images.xcassets in Resources */ = {isa = PBXBuildFile; fileRef = 375F0A371B4D9BC500F894C3 /* Images.xcassets */; };
		375F0A3A1B4D9FF500F894C3 /* GameKit.framework in Frameworks */ = {isa = PBXBuildFile; fileRef = 375F0A391B4D9FF500F894C3 /* GameKit.framework */; };
		375F0A3C1B4D9FFB00F894C3 /* StoreKit.framework in Frameworks */ = {isa = PBXBuildFile; fileRef = 375F0A3B1B4D9FFB00F894C3 /* StoreKit.framework */; };
		375F0A441B4DA0EC00F894C3 /* IHgamecenter.m in Sources */ = {isa = PBXBuildFile; fileRef = 375F0A431B4DA0EC00F894C3 /* IHgamecenter.m */; };
		375F0A491B4DE95100F894C3 /* Reachability.m in Sources */ = {isa = PBXBuildFile; fileRef = 375F0A481B4DE95100F894C3 /* Reachability.m */; };
		375F0A4C1B4DF3EB00F894C3 /* NSDataAES256.m in Sources */ = {isa = PBXBuildFile; fileRef = 375F0A4B1B4DF3EB00F894C3 /* NSDataAES256.m */; };
/* End PBXBuildFile section */

/* Begin PBXContainerItemProxy section */
		375F0A281B4D9B5500F894C3 /* PBXContainerItemProxy */ = {
			isa = PBXContainerItemProxy;
			containerPortal = 375F0A021B4D9B5500F894C3 /* Project object */;
			proxyType = 1;
			remoteGlobalIDString = 375F0A091B4D9B5500F894C3;
			remoteInfo = Planetthing;
		};
/* End PBXContainerItemProxy section */

/* Begin PBXFileReference section */
		375F0A0A1B4D9B5500F894C3 /* Planetthing.app */ = {isa = PBXFileReference; explicitFileType = wrapper.application; includeInIndex = 0; path = Planetthing.app; sourceTree = BUILT_PRODUCTS_DIR; };
		375F0A0E1B4D9B5500F894C3 /* Info.plist */ = {isa = PBXFileReference; lastKnownFileType = text.plist.xml; path = Info.plist; sourceTree = "<group>"; };
		375F0A0F1B4D9B5500F894C3 /* main.m */ = {isa = PBXFileReference; lastKnownFileType = sourcecode.c.objc; path = main.m; sourceTree = "<group>"; };
		375F0A111B4D9B5500F894C3 /* AppDelegate.h */ = {isa = PBXFileReference; lastKnownFileType = sourcecode.c.h; path = AppDelegate.h; sourceTree = "<group>"; };
		375F0A121B4D9B5500F894C3 /* AppDelegate.m */ = {isa = PBXFileReference; lastKnownFileType = sourcecode.c.objc; path = AppDelegate.m; sourceTree = "<group>"; };
		375F0A181B4D9B5500F894C3 /* GameViewController.h */ = {isa = PBXFileReference; lastKnownFileType = sourcecode.c.h; path = GameViewController.h; sourceTree = "<group>"; };
		375F0A191B4D9B5500F894C3 /* GameViewController.m */ = {isa = PBXFileReference; lastKnownFileType = sourcecode.c.objc; path = GameViewController.m; sourceTree = "<group>"; };
		375F0A1C1B4D9B5500F894C3 /* Base */ = {isa = PBXFileReference; lastKnownFileType = file.storyboard; name = Base; path = Base.lproj/Main.storyboard; sourceTree = "<group>"; };
		375F0A271B4D9B5500F894C3 /* PlanetthingTests.xctest */ = {isa = PBXFileReference; explicitFileType = wrapper.cfbundle; includeInIndex = 0; path = PlanetthingTests.xctest; sourceTree = BUILT_PRODUCTS_DIR; };
		375F0A2C1B4D9B5500F894C3 /* Info.plist */ = {isa = PBXFileReference; lastKnownFileType = text.plist.xml; path = Info.plist; sourceTree = "<group>"; };
		375F0A2D1B4D9B5500F894C3 /* PlanetthingTests.m */ = {isa = PBXFileReference; lastKnownFileType = sourcecode.c.objc; path = PlanetthingTests.m; sourceTree = "<group>"; };
		375F0A371B4D9BC500F894C3 /* Images.xcassets */ = {isa = PBXFileReference; lastKnownFileType = folder.assetcatalog; path = Images.xcassets; sourceTree = "<group>"; };
		375F0A391B4D9FF500F894C3 /* GameKit.framework */ = {isa = PBXFileReference; lastKnownFileType = wrapper.framework; name = GameKit.framework; path = System/Library/Frameworks/GameKit.framework; sourceTree = SDKROOT; };
		375F0A3B1B4D9FFB00F894C3 /* StoreKit.framework */ = {isa = PBXFileReference; lastKnownFileType = wrapper.framework; name = StoreKit.framework; path = System/Library/Frameworks/StoreKit.framework; sourceTree = SDKROOT; };
		375F0A421B4DA0EC00F894C3 /* IHgamecenter.h */ = {isa = PBXFileReference; fileEncoding = 4; lastKnownFileType = sourcecode.c.h; name = IHgamecenter.h; path = Planetthing/IHgamecenter.h; sourceTree = "<group>"; };
		375F0A431B4DA0EC00F894C3 /* IHgamecenter.m */ = {isa = PBXFileReference; fileEncoding = 4; lastKnownFileType = sourcecode.c.objc; name = IHgamecenter.m; path = Planetthing/IHgamecenter.m; sourceTree = "<group>"; };
		375F0A451B4DD68400F894C3 /* IHglobals.h */ = {isa = PBXFileReference; lastKnownFileType = sourcecode.c.h; path = IHglobals.h; sourceTree = "<group>"; };
		375F0A471B4DE95100F894C3 /* Reachability.h */ = {isa = PBXFileReference; fileEncoding = 4; lastKnownFileType = sourcecode.c.h; name = Reachability.h; path = Planetthing/Reachability.h; sourceTree = "<group>"; };
		375F0A481B4DE95100F894C3 /* Reachability.m */ = {isa = PBXFileReference; fileEncoding = 4; lastKnownFileType = sourcecode.c.objc; name = Reachability.m; path = Planetthing/Reachability.m; sourceTree = "<group>"; };
		375F0A4A1B4DF3EB00F894C3 /* NSDataAES256.h */ = {isa = PBXFileReference; fileEncoding = 4; lastKnownFileType = sourcecode.c.h; name = NSDataAES256.h; path = Planetthing/NSDataAES256.h; sourceTree = "<group>"; };
		375F0A4B1B4DF3EB00F894C3 /* NSDataAES256.m */ = {isa = PBXFileReference; fileEncoding = 4; lastKnownFileType = sourcecode.c.objc; name = NSDataAES256.m; path = Planetthing/NSDataAES256.m; sourceTree = "<group>"; };
/* End PBXFileReference section */

/* Begin PBXFrameworksBuildPhase section */
		375F0A071B4D9B5500F894C3 /* Frameworks */ = {
			isa = PBXFrameworksBuildPhase;
			buildActionMask = 2147483647;
			files = (
				375F0A3A1B4D9FF500F894C3 /* GameKit.framework in Frameworks */,
				375F0A3C1B4D9FFB00F894C3 /* StoreKit.framework in Frameworks */,
			);
			runOnlyForDeploymentPostprocessing = 0;
		};
		375F0A241B4D9B5500F894C3 /* Frameworks */ = {
			isa = PBXFrameworksBuildPhase;
			buildActionMask = 2147483647;
			files = (
			);
			runOnlyForDeploymentPostprocessing = 0;
		};
/* End PBXFrameworksBuildPhase section */

/* Begin PBXGroup section */
		375F0A011B4D9B5500F894C3 = {
			isa = PBXGroup;
			children = (
				375F0A3D1B4DA01D00F894C3 /* Frameworks */,
				375F0A3E1B4DA09C00F894C3 /* iOS Helpers */,
				375F0A0C1B4D9B5500F894C3 /* Planetthing */,
				375F0A2A1B4D9B5500F894C3 /* PlanetthingTests */,
				375F0A0B1B4D9B5500F894C3 /* Products */,
			);
			sourceTree = "<group>";
		};
		375F0A0B1B4D9B5500F894C3 /* Products */ = {
			isa = PBXGroup;
			children = (
				375F0A0A1B4D9B5500F894C3 /* Planetthing.app */,
				375F0A271B4D9B5500F894C3 /* PlanetthingTests.xctest */,
			);
			name = Products;
			sourceTree = "<group>";
		};
		375F0A0C1B4D9B5500F894C3 /* Planetthing */ = {
			isa = PBXGroup;
			children = (
				375F0A111B4D9B5500F894C3 /* AppDelegate.h */,
				375F0A121B4D9B5500F894C3 /* AppDelegate.m */,
				375F0A181B4D9B5500F894C3 /* GameViewController.h */,
				375F0A191B4D9B5500F894C3 /* GameViewController.m */,
				375F0A371B4D9BC500F894C3 /* Images.xcassets */,
				375F0A1B1B4D9B5500F894C3 /* Main.storyboard */,
				375F0A0D1B4D9B5500F894C3 /* Supporting Files */,
			);
			path = Planetthing;
			sourceTree = "<group>";
		};
		375F0A0D1B4D9B5500F894C3 /* Supporting Files */ = {
			isa = PBXGroup;
			children = (
				375F0A0E1B4D9B5500F894C3 /* Info.plist */,
				375F0A0F1B4D9B5500F894C3 /* main.m */,
			);
			name = "Supporting Files";
			sourceTree = "<group>";
		};
		375F0A2A1B4D9B5500F894C3 /* PlanetthingTests */ = {
			isa = PBXGroup;
			children = (
				375F0A2D1B4D9B5500F894C3 /* PlanetthingTests.m */,
				375F0A2B1B4D9B5500F894C3 /* Supporting Files */,
			);
			path = PlanetthingTests;
			sourceTree = "<group>";
		};
		375F0A2B1B4D9B5500F894C3 /* Supporting Files */ = {
			isa = PBXGroup;
			children = (
				375F0A2C1B4D9B5500F894C3 /* Info.plist */,
			);
			name = "Supporting Files";
			sourceTree = "<group>";
		};
		375F0A3D1B4DA01D00F894C3 /* Frameworks */ = {
			isa = PBXGroup;
			children = (
				375F0A3B1B4D9FFB00F894C3 /* StoreKit.framework */,
				375F0A391B4D9FF500F894C3 /* GameKit.framework */,
			);
			name = Frameworks;
			path = Planetthing.xcodeproj;
			sourceTree = "<group>";
		};
		375F0A3E1B4DA09C00F894C3 /* iOS Helpers */ = {
			isa = PBXGroup;
			children = (
				375F0A461B4DE92A00F894C3 /* Dependecies */,
				375F0A421B4DA0EC00F894C3 /* IHgamecenter.h */,
				375F0A431B4DA0EC00F894C3 /* IHgamecenter.m */,
				375F0A451B4DD68400F894C3 /* IHglobals.h */,
			);
			name = "iOS Helpers";
			sourceTree = "<group>";
		};
		375F0A461B4DE92A00F894C3 /* Dependecies */ = {
			isa = PBXGroup;
			children = (
				375F0A4A1B4DF3EB00F894C3 /* NSDataAES256.h */,
				375F0A4B1B4DF3EB00F894C3 /* NSDataAES256.m */,
				375F0A471B4DE95100F894C3 /* Reachability.h */,
				375F0A481B4DE95100F894C3 /* Reachability.m */,
			);
			name = Dependecies;
			sourceTree = "<group>";
		};
/* End PBXGroup section */

/* Begin PBXNativeTarget section */
		375F0A091B4D9B5500F894C3 /* Planetthing */ = {
			isa = PBXNativeTarget;
			buildConfigurationList = 375F0A311B4D9B5500F894C3 /* Build configuration list for PBXNativeTarget "Planetthing" */;
			buildPhases = (
				375F0A061B4D9B5500F894C3 /* Sources */,
				375F0A071B4D9B5500F894C3 /* Frameworks */,
				375F0A081B4D9B5500F894C3 /* Resources */,
			);
			buildRules = (
			);
			dependencies = (
			);
			name = Planetthing;
			productName = Planetthing;
			productReference = 375F0A0A1B4D9B5500F894C3 /* Planetthing.app */;
			productType = "com.apple.product-type.application";
		};
		375F0A261B4D9B5500F894C3 /* PlanetthingTests */ = {
			isa = PBXNativeTarget;
			buildConfigurationList = 375F0A341B4D9B5500F894C3 /* Build configuration list for PBXNativeTarget "PlanetthingTests" */;
			buildPhases = (
				375F0A231B4D9B5500F894C3 /* Sources */,
				375F0A241B4D9B5500F894C3 /* Frameworks */,
				375F0A251B4D9B5500F894C3 /* Resources */,
			);
			buildRules = (
			);
			dependencies = (
				375F0A291B4D9B5500F894C3 /* PBXTargetDependency */,
			);
			name = PlanetthingTests;
			productName = PlanetthingTests;
			productReference = 375F0A271B4D9B5500F894C3 /* PlanetthingTests.xctest */;
			productType = "com.apple.product-type.bundle.unit-test";
		};
/* End PBXNativeTarget section */

/* Begin PBXProject section */
		375F0A021B4D9B5500F894C3 /* Project object */ = {
			isa = PBXProject;
			attributes = {
				LastUpgradeCheck = 0640;
				ORGANIZATIONNAME = "Hotwasser Games";
				TargetAttributes = {
					375F0A091B4D9B5500F894C3 = {
						CreatedOnToolsVersion = 6.4;
						DevelopmentTeam = 4WT5U2SGE8;
						SystemCapabilities = {
							com.apple.GameCenter = {
								enabled = 1;
							};
							com.apple.InAppPurchase = {
								enabled = 1;
							};
						};
					};
					375F0A261B4D9B5500F894C3 = {
						CreatedOnToolsVersion = 6.4;
						TestTargetID = 375F0A091B4D9B5500F894C3;
					};
				};
			};
			buildConfigurationList = 375F0A051B4D9B5500F894C3 /* Build configuration list for PBXProject "Planetthing" */;
			compatibilityVersion = "Xcode 3.2";
			developmentRegion = English;
			hasScannedForEncodings = 0;
			knownRegions = (
				en,
				Base,
			);
			mainGroup = 375F0A011B4D9B5500F894C3;
			productRefGroup = 375F0A0B1B4D9B5500F894C3 /* Products */;
			projectDirPath = "";
			projectRoot = "";
			targets = (
				375F0A091B4D9B5500F894C3 /* Planetthing */,
				375F0A261B4D9B5500F894C3 /* PlanetthingTests */,
			);
		};
/* End PBXProject section */

/* Begin PBXResourcesBuildPhase section */
		375F0A081B4D9B5500F894C3 /* Resources */ = {
			isa = PBXResourcesBuildPhase;
			buildActionMask = 2147483647;
			files = (
				375F0A1D1B4D9B5500F894C3 /* Main.storyboard in Resources */,
				375F0A381B4D9BC500F894C3 /* Images.xcassets in Resources */,
			);
			runOnlyForDeploymentPostprocessing = 0;
		};
		375F0A251B4D9B5500F894C3 /* Resources */ = {
			isa = PBXResourcesBuildPhase;
			buildActionMask = 2147483647;
			files = (
			);
			runOnlyForDeploymentPostprocessing = 0;
		};
/* End PBXResourcesBuildPhase section */

/* Begin PBXSourcesBuildPhase section */
		375F0A061B4D9B5500F894C3 /* Sources */ = {
			isa = PBXSourcesBuildPhase;
			buildActionMask = 2147483647;
			files = (
				375F0A4C1B4DF3EB00F894C3 /* NSDataAES256.m in Sources */,
				375F0A131B4D9B5500F894C3 /* AppDelegate.m in Sources */,
				375F0A441B4DA0EC00F894C3 /* IHgamecenter.m in Sources */,
				375F0A1A1B4D9B5500F894C3 /* GameViewController.m in Sources */,
				375F0A101B4D9B5500F894C3 /* main.m in Sources */,
				375F0A491B4DE95100F894C3 /* Reachability.m in Sources */,
			);
			runOnlyForDeploymentPostprocessing = 0;
		};
		375F0A231B4D9B5500F894C3 /* Sources */ = {
			isa = PBXSourcesBuildPhase;
			buildActionMask = 2147483647;
			files = (
				375F0A2E1B4D9B5500F894C3 /* PlanetthingTests.m in Sources */,
			);
			runOnlyForDeploymentPostprocessing = 0;
		};
/* End PBXSourcesBuildPhase section */

/* Begin PBXTargetDependency section */
		375F0A291B4D9B5500F894C3 /* PBXTargetDependency */ = {
			isa = PBXTargetDependency;
			target = 375F0A091B4D9B5500F894C3 /* Planetthing */;
			targetProxy = 375F0A281B4D9B5500F894C3 /* PBXContainerItemProxy */;
		};
/* End PBXTargetDependency section */

/* Begin PBXVariantGroup section */
		375F0A1B1B4D9B5500F894C3 /* Main.storyboard */ = {
			isa = PBXVariantGroup;
			children = (
				375F0A1C1B4D9B5500F894C3 /* Base */,
			);
			name = Main.storyboard;
			sourceTree = "<group>";
		};
/* End PBXVariantGroup section */

/* Begin XCBuildConfiguration section */
		375F0A2F1B4D9B5500F894C3 /* Debug */ = {
			isa = XCBuildConfiguration;
			buildSettings = {
				ALWAYS_SEARCH_USER_PATHS = NO;
				CLANG_CXX_LANGUAGE_STANDARD = "gnu++0x";
				CLANG_CXX_LIBRARY = "libc++";
				CLANG_ENABLE_MODULES = YES;
				CLANG_ENABLE_OBJC_ARC = YES;
				CLANG_WARN_BOOL_CONVERSION = YES;
				CLANG_WARN_CONSTANT_CONVERSION = YES;
				CLANG_WARN_DIRECT_OBJC_ISA_USAGE = YES_ERROR;
				CLANG_WARN_EMPTY_BODY = YES;
				CLANG_WARN_ENUM_CONVERSION = YES;
				CLANG_WARN_INT_CONVERSION = YES;
				CLANG_WARN_OBJC_ROOT_CLASS = YES_ERROR;
				CLANG_WARN_UNREACHABLE_CODE = YES;
				CLANG_WARN__DUPLICATE_METHOD_MATCH = YES;
				"CODE_SIGN_IDENTITY[sdk=iphoneos*]" = "iPhone Developer";
				COPY_PHASE_STRIP = NO;
				DEBUG_INFORMATION_FORMAT = "dwarf-with-dsym";
				ENABLE_STRICT_OBJC_MSGSEND = YES;
				GCC_C_LANGUAGE_STANDARD = gnu99;
				GCC_DYNAMIC_NO_PIC = NO;
				GCC_NO_COMMON_BLOCKS = YES;
				GCC_OPTIMIZATION_LEVEL = 0;
				GCC_PREPROCESSOR_DEFINITIONS = (
					"DEBUG=1",
					"$(inherited)",
				);
				GCC_SYMBOLS_PRIVATE_EXTERN = NO;
				GCC_WARN_64_TO_32_BIT_CONVERSION = YES;
				GCC_WARN_ABOUT_RETURN_TYPE = YES_ERROR;
				GCC_WARN_UNDECLARED_SELECTOR = YES;
				GCC_WARN_UNINITIALIZED_AUTOS = YES_AGGRESSIVE;
				GCC_WARN_UNUSED_FUNCTION = YES;
				GCC_WARN_UNUSED_VARIABLE = YES;
				IPHONEOS_DEPLOYMENT_TARGET = 8.4;
				MTL_ENABLE_DEBUG_INFO = YES;
				ONLY_ACTIVE_ARCH = YES;
				SDKROOT = iphoneos;
				TARGETED_DEVICE_FAMILY = "1,2";
			};
			name = Debug;
		};
		375F0A301B4D9B5500F894C3 /* Release */ = {
			isa = XCBuildConfiguration;
			buildSettings = {
				ALWAYS_SEARCH_USER_PATHS = NO;
				CLANG_CXX_LANGUAGE_STANDARD = "gnu++0x";
				CLANG_CXX_LIBRARY = "libc++";
				CLANG_ENABLE_MODULES = YES;
				CLANG_ENABLE_OBJC_ARC = YES;
				CLANG_WARN_BOOL_CONVERSION = YES;
				CLANG_WARN_CONSTANT_CONVERSION = YES;
				CLANG_WARN_DIRECT_OBJC_ISA_USAGE = YES_ERROR;
				CLANG_WARN_EMPTY_BODY = YES;
				CLANG_WARN_ENUM_CONVERSION = YES;
				CLANG_WARN_INT_CONVERSION = YES;
				CLANG_WARN_OBJC_ROOT_CLASS = YES_ERROR;
				CLANG_WARN_UNREACHABLE_CODE = YES;
				CLANG_WARN__DUPLICATE_METHOD_MATCH = YES;
				"CODE_SIGN_IDENTITY[sdk=iphoneos*]" = "iPhone Developer";
				COPY_PHASE_STRIP = NO;
				DEBUG_INFORMATION_FORMAT = "dwarf-with-dsym";
				ENABLE_NS_ASSERTIONS = NO;
				ENABLE_STRICT_OBJC_MSGSEND = YES;
				GCC_C_LANGUAGE_STANDARD = gnu99;
				GCC_NO_COMMON_BLOCKS = YES;
				GCC_WARN_64_TO_32_BIT_CONVERSION = YES;
				GCC_WARN_ABOUT_RETURN_TYPE = YES_ERROR;
				GCC_WARN_UNDECLARED_SELECTOR = YES;
				GCC_WARN_UNINITIALIZED_AUTOS = YES_AGGRESSIVE;
				GCC_WARN_UNUSED_FUNCTION = YES;
				GCC_WARN_UNUSED_VARIABLE = YES;
				IPHONEOS_DEPLOYMENT_TARGET = 8.4;
				MTL_ENABLE_DEBUG_INFO = NO;
				SDKROOT = iphoneos;
				TARGETED_DEVICE_FAMILY = "1,2";
				VALIDATE_PRODUCT = YES;
			};
			name = Release;
		};
		375F0A321B4D9B5500F894C3 /* Debug */ = {
			isa = XCBuildConfiguration;
			buildSettings = {
				ASSETCATALOG_COMPILER_APPICON_NAME = AppIcon;
				ASSETCATALOG_COMPILER_LAUNCHIMAGE_NAME = LaunchImage;
				CODE_SIGN_IDENTITY = "iPhone Developer";
				"CODE_SIGN_IDENTITY[sdk=iphoneos*]" = "iPhone Developer";
				GCC_PREPROCESSOR_DEFINITIONS = "DEBUG=1";
				INFOPLIST_FILE = Planetthing/Info.plist;
				IPHONEOS_DEPLOYMENT_TARGET = 6.0;
				LD_RUNPATH_SEARCH_PATHS = "$(inherited) @executable_path/Frameworks";
				PRODUCT_NAME = "$(TARGET_NAME)";
				PROVISIONING_PROFILE = "";
			};
			name = Debug;
		};
		375F0A331B4D9B5500F894C3 /* Release */ = {
			isa = XCBuildConfiguration;
			buildSettings = {
				ASSETCATALOG_COMPILER_APPICON_NAME = AppIcon;
				ASSETCATALOG_COMPILER_LAUNCHIMAGE_NAME = LaunchImage;
				CODE_SIGN_IDENTITY = "iPhone Developer";
				"CODE_SIGN_IDENTITY[sdk=iphoneos*]" = "iPhone Developer";
				GCC_PREPROCESSOR_DEFINITIONS = "";
				INFOPLIST_FILE = Planetthing/Info.plist;
				IPHONEOS_DEPLOYMENT_TARGET = 6.0;
				LD_RUNPATH_SEARCH_PATHS = "$(inherited) @executable_path/Frameworks";
				PRODUCT_NAME = "$(TARGET_NAME)";
				PROVISIONING_PROFILE = "";
			};
			name = Release;
		};
		375F0A351B4D9B5500F894C3 /* Debug */ = {
			isa = XCBuildConfiguration;
			buildSettings = {
				BUNDLE_LOADER = "$(TEST_HOST)";
				FRAMEWORK_SEARCH_PATHS = (
					"$(SDKROOT)/Developer/Library/Frameworks",
					"$(inherited)",
				);
				GCC_PREPROCESSOR_DEFINITIONS = (
					"DEBUG=1",
					"$(inherited)",
				);
				INFOPLIST_FILE = PlanetthingTests/Info.plist;
				LD_RUNPATH_SEARCH_PATHS = "$(inherited) @executable_path/Frameworks @loader_path/Frameworks";
				PRODUCT_NAME = "$(TARGET_NAME)";
				TEST_HOST = "$(BUILT_PRODUCTS_DIR)/Planetthing.app/Planetthing";
			};
			name = Debug;
		};
		375F0A361B4D9B5500F894C3 /* Release */ = {
			isa = XCBuildConfiguration;
			buildSettings = {
				BUNDLE_LOADER = "$(TEST_HOST)";
				FRAMEWORK_SEARCH_PATHS = (
					"$(SDKROOT)/Developer/Library/Frameworks",
					"$(inherited)",
				);
				INFOPLIST_FILE = PlanetthingTests/Info.plist;
				LD_RUNPATH_SEARCH_PATHS = "$(inherited) @executable_path/Frameworks @loader_path/Frameworks";
				PRODUCT_NAME = "$(TARGET_NAME)";
				TEST_HOST = "$(BUILT_PRODUCTS_DIR)/Planetthing.app/Planetthing";
			};
			name = Release;
		};
/* End XCBuildConfiguration section */

/* Begin XCConfigurationList section */
		375F0A051B4D9B5500F894C3 /* Build configuration list for PBXProject "Planetthing" */ = {
			isa = XCConfigurationList;
			buildConfigurations = (
				375F0A2F1B4D9B5500F894C3 /* Debug */,
				375F0A301B4D9B5500F894C3 /* Release */,
			);
			defaultConfigurationIsVisible = 0;
			defaultConfigurationName = Release;
		};
		375F0A311B4D9B5500F894C3 /* Build configuration list for PBXNativeTarget "Planetthing" */ = {
			isa = XCConfigurationList;
			buildConfigurations = (
				375F0A321B4D9B5500F894C3 /* Debug */,
				375F0A331B4D9B5500F894C3 /* Release */,
			);
			defaultConfigurationIsVisible = 0;
		};
		375F0A341B4D9B5500F894C3 /* Build configuration list for PBXNativeTarget "PlanetthingTests" */ = {
			isa = XCConfigurationList;
			buildConfigurations = (
				375F0A351B4D9B5500F894C3 /* Debug */,
				375F0A361B4D9B5500F894C3 /* Release */,
			);
			defaultConfigurationIsVisible = 0;
		};
/* End XCConfigurationList section */
	};
	rootObject = 375F0A021B4D9B5500F894C3 /* Project object */;
}
